
Microsoft Visual Studio Solution File, Format Version 12.00
# Visual Studio Version 16
VisualStudioVersion = 16.0.29613.14
MinimumVisualStudioVersion = 10.0.40219.1
Project("{FAE04EC0-301F-11D3-BF4B-00C04F79EFBC}") = "AddressingPOC", "AddressingPOC\AddressingPOC.csproj", "{6EC3CC8E-A1D6-4337-904E-4C6E788E8089}"
EndProject
Global
	GlobalSection(SolutionConfigurationPlatforms) = preSolution
		Debug|Any CPU = Debug|Any CPU
		Release|Any CPU = Release|Any CPU
	EndGlobalSection
	GlobalSection(ProjectConfigurationPlatforms) = postSolution
		{6EC3CC8E-A1D6-4337-904E-4C6E788E8089}.Debug|Any CPU.ActiveCfg = Debug|Any CPU
		{6EC3CC8E-A1D6-4337-904E-4C6E788E8089}.Debug|Any CPU.Build.0 = Debug|Any CPU
		{6EC3CC8E-A1D6-4337-904E-4C6E788E8089}.Release|Any CPU.ActiveCfg = Release|Any CPU
		{6EC3CC8E-A1D6-4337-904E-4C6E788E8089}.Release|Any CPU.Build.0 = Release|Any CPU
	EndGlobalSection
	GlobalSection(SolutionProperties) = preSolution
		HideSolutionNode = FALSE
	EndGlobalSection
	GlobalSection(ExtensibilityGlobals) = postSolution
		SolutionGuid = {78C7D856-D10E-408E-BBE8-558691693B6B}
	EndGlobalSection
EndGlobal
